{
  "meteor": {},
  "dependencies": {
    "basePackages": {
      "cheerio": {}
    },
    "packages": {
      "cheerio": {
        "git": "https://github.com/andreioprisan/meteor-cheerio.git",
        "tag": "v0.3.2",
        "commit": "f7b7b8c4ad4dbac7e9b34a4b110150cd5ec95bae"
      }
    }
  }
}
